
Microsoft Visual Studio Solution File, Format Version 12.00
# Visual Studio Version 16
VisualStudioVersion = 16.0.32228.343
MinimumVisualStudioVersion = 10.0.40219.1
Project("{FAE04EC0-301F-11D3-BF4B-00C04F79EFBC}") = "JenKins", "JenKins\JenKins.csproj", "{025EF363-7C2A-40AF-BE32-09C848AB4A56}"
EndProject
Global
	GlobalSection(SolutionConfigurationPlatforms) = preSolution
		Debug|Any CPU = Debug|Any CPU
		Release|Any CPU = Release|Any CPU
	EndGlobalSection
	GlobalSection(ProjectConfigurationPlatforms) = postSolution
		{025EF363-7C2A-40AF-BE32-09C848AB4A56}.Debug|Any CPU.ActiveCfg = Debug|Any CPU
		{025EF363-7C2A-40AF-BE32-09C848AB4A56}.Debug|Any CPU.Build.0 = Debug|Any CPU
		{025EF363-7C2A-40AF-BE32-09C848AB4A56}.Release|Any CPU.ActiveCfg = Release|Any CPU
		{025EF363-7C2A-40AF-BE32-09C848AB4A56}.Release|Any CPU.Build.0 = Release|Any CPU
	EndGlobalSection
	GlobalSection(SolutionProperties) = preSolution
		HideSolutionNode = FALSE
	EndGlobalSection
	GlobalSection(ExtensibilityGlobals) = postSolution
		SolutionGuid = {F6BCFEA9-5557-47E9-A151-FA7E01590545}
	EndGlobalSection
EndGlobal
